
Microsoft Visual Studio Solution File, Format Version 12.00
# Visual Studio Version 16
VisualStudioVersion = 16.0.30413.136
MinimumVisualStudioVersion = 10.0.40219.1
Project("{9A19103F-16F7-4668-BE54-9A1E7A4F7556}") = "CoreDemo", "CoreDemo\CoreDemo.csproj", "{80581701-A18E-4120-B3DB-073B3AA5B917}"
EndProject
Project("{9A19103F-16F7-4668-BE54-9A1E7A4F7556}") = "CoreDemo.Models", "CoreDemo.Models\CoreDemo.Models.csproj", "{7C3BBFD6-5473-4BDB-AF3C-F8CB9311676E}"
EndProject
Global
	GlobalSection(SolutionConfigurationPlatforms) = preSolution
		Debug|Any CPU = Debug|Any CPU
		Release|Any CPU = Release|Any CPU
	EndGlobalSection
	GlobalSection(ProjectConfigurationPlatforms) = postSolution
		{80581701-A18E-4120-B3DB-073B3AA5B917}.Debug|Any CPU.ActiveCfg = Debug|Any CPU
		{80581701-A18E-4120-B3DB-073B3AA5B917}.Debug|Any CPU.Build.0 = Debug|Any CPU
		{80581701-A18E-4120-B3DB-073B3AA5B917}.Release|Any CPU.ActiveCfg = Release|Any CPU
		{80581701-A18E-4120-B3DB-073B3AA5B917}.Release|Any CPU.Build.0 = Release|Any CPU
		{7C3BBFD6-5473-4BDB-AF3C-F8CB9311676E}.Debug|Any CPU.ActiveCfg = Debug|Any CPU
		{7C3BBFD6-5473-4BDB-AF3C-F8CB9311676E}.Debug|Any CPU.Build.0 = Debug|Any CPU
		{7C3BBFD6-5473-4BDB-AF3C-F8CB9311676E}.Release|Any CPU.ActiveCfg = Release|Any CPU
		{7C3BBFD6-5473-4BDB-AF3C-F8CB9311676E}.Release|Any CPU.Build.0 = Release|Any CPU
	EndGlobalSection
	GlobalSection(SolutionProperties) = preSolution
		HideSolutionNode = FALSE
	EndGlobalSection
	GlobalSection(ExtensibilityGlobals) = postSolution
		SolutionGuid = {44D67446-188D-4B5F-9EF4-872A3A65C8B2}
	EndGlobalSection
EndGlobal
